{
  "name": "bruh-llm-ui",
  "lockfileVersion": 3,
  "requires": true,
  "packages": {
    "": {
      "devDependencies": {
        "@types/katex": "^0.16.7",
        "katex": "^0.16.11"
      }
    },
    "node_modules/@types/katex": {
      "version": "0.16.7",
      "resolved": "https://registry.npmjs.org/@types/katex/-/katex-0.16.7.tgz",
      "integrity": "sha512-HMwFiRujE5PjrgwHQ25+bsLJgowjGjm5Z8FVSf0N6PwgJrwxH0QxzHYDcKsTfV3wva0vzrpqMTJS2jXPr5BMEQ==",
      "dev": true,
      "license": "MIT"
    },
    "node_modules/commander": {
      "version": "8.3.0",
      "resolved": "https://registry.npmjs.org/commander/-/commander-8.3.0.tgz",
      "integrity": "sha512-OkTL9umf+He2DZkUq8f8J9of7yL6RJKI24dVITBmNfZBmri9zYZQrKkuXiKhyfPSu8tUhnVBB1iKXevvnlR4Ww==",
      "dev": true,
      "license": "MIT",
      "engines": {
        "node": ">= 12"
      }
    },
    "node_modules/katex": {
      "version": "0.16.11",
      "resolved": "https://registry.npmjs.org/katex/-/katex-0.16.11.tgz",
      "integrity": "sha512-RQrI8rlHY92OLf3rho/Ts8i/XvjgguEjOkO1BEXcU3N8BqPpSzBNwV/G0Ukr+P/l3ivvJUE/Fa/CwbS6HesGNQ==",
      "dev": true,
      "funding": [
        "https://opencollective.com/katex",
        "https://github.com/sponsors/katex"
      ],
      "license": "MIT",
      "dependencies": {
        "commander": "^8.3.0"
      },
      "bin": {
        "katex": "cli.js"
      }
    }
  }
}
